
Microsoft Visual Studio Solution File, Format Version 12.00
# Visual Studio 15
VisualStudioVersion = 15.0.28307.1169
MinimumVisualStudioVersion = 10.0.40219.1
Project("{FAE04EC0-301F-11D3-BF4B-00C04F79EFBC}") = "stok", "stok\stok.csproj", "{EAB9388A-912C-4BEC-9E87-484EFEED3522}"
EndProject
Global
	GlobalSection(SolutionConfigurationPlatforms) = preSolution
		Debug|Any CPU = Debug|Any CPU
		Release|Any CPU = Release|Any CPU
	EndGlobalSection
	GlobalSection(ProjectConfigurationPlatforms) = postSolution
		{EAB9388A-912C-4BEC-9E87-484EFEED3522}.Debug|Any CPU.ActiveCfg = Debug|Any CPU
		{EAB9388A-912C-4BEC-9E87-484EFEED3522}.Debug|Any CPU.Build.0 = Debug|Any CPU
		{EAB9388A-912C-4BEC-9E87-484EFEED3522}.Release|Any CPU.ActiveCfg = Release|Any CPU
		{EAB9388A-912C-4BEC-9E87-484EFEED3522}.Release|Any CPU.Build.0 = Release|Any CPU
	EndGlobalSection
	GlobalSection(SolutionProperties) = preSolution
		HideSolutionNode = FALSE
	EndGlobalSection
	GlobalSection(ExtensibilityGlobals) = postSolution
		SolutionGuid = {36741592-418A-4F53-B7A4-07872AA9B7A7}
	EndGlobalSection
EndGlobal
